
Microsoft Visual Studio Solution File, Format Version 12.00
# Visual Studio 14
VisualStudioVersion = 14.0.25420.1
MinimumVisualStudioVersion = 10.0.40219.1
Project("{FAE04EC0-301F-11D3-BF4B-00C04F79EFBC}") = "Nancy.ProblemDetails", "src\Nancy.ProblemDetails\Nancy.ProblemDetails.csproj", "{136772D1-61FC-49B6-9EF7-27DDF21CD95B}"
EndProject
Project("{FAE04EC0-301F-11D3-BF4B-00C04F79EFBC}") = "Nancy.ProblemDetails.Tests", "Tests\Nancy.ProblemDetails.Tests\Nancy.ProblemDetails.Tests.csproj", "{BC58684F-22BC-4AD4-AEAE-6AEDE9629F4D}"
EndProject
Project("{2150E333-8FDC-42A3-9474-1A3956D46DE8}") = "Solution Items", "Solution Items", "{CBF525B4-A8F4-4305-B88F-775C07612914}"
	ProjectSection(SolutionItems) = preProject
		paket.dependencies = paket.dependencies
		paket.lock = paket.lock
	EndProjectSection
EndProject
Global
	GlobalSection(SolutionConfigurationPlatforms) = preSolution
		Debug|Any CPU = Debug|Any CPU
		Release|Any CPU = Release|Any CPU
	EndGlobalSection
	GlobalSection(ProjectConfigurationPlatforms) = postSolution
		{136772D1-61FC-49B6-9EF7-27DDF21CD95B}.Debug|Any CPU.ActiveCfg = Debug|Any CPU
		{136772D1-61FC-49B6-9EF7-27DDF21CD95B}.Debug|Any CPU.Build.0 = Debug|Any CPU
		{136772D1-61FC-49B6-9EF7-27DDF21CD95B}.Release|Any CPU.ActiveCfg = Release|Any CPU
		{136772D1-61FC-49B6-9EF7-27DDF21CD95B}.Release|Any CPU.Build.0 = Release|Any CPU
		{BC58684F-22BC-4AD4-AEAE-6AEDE9629F4D}.Debug|Any CPU.ActiveCfg = Debug|Any CPU
		{BC58684F-22BC-4AD4-AEAE-6AEDE9629F4D}.Debug|Any CPU.Build.0 = Debug|Any CPU
		{BC58684F-22BC-4AD4-AEAE-6AEDE9629F4D}.Release|Any CPU.ActiveCfg = Release|Any CPU
		{BC58684F-22BC-4AD4-AEAE-6AEDE9629F4D}.Release|Any CPU.Build.0 = Release|Any CPU
	EndGlobalSection
	GlobalSection(SolutionProperties) = preSolution
		HideSolutionNode = FALSE
	EndGlobalSection
EndGlobal
